
Microsoft Visual Studio Solution File, Format Version 12.00
# Visual Studio Version 17
VisualStudioVersion = 17.6.33815.320
MinimumVisualStudioVersion = 10.0.40219.1
Project("{FAE04EC0-301F-11D3-BF4B-00C04F79EFBC}") = "use-case-23", "use-case-23.csproj", "{A3B7280F-0C51-4EA4-ABF5-F2EAC371CE60}"
EndProject
Global
	GlobalSection(SolutionConfigurationPlatforms) = preSolution
		Debug|Any CPU = Debug|Any CPU
		Release|Any CPU = Release|Any CPU
	EndGlobalSection
	GlobalSection(ProjectConfigurationPlatforms) = postSolution
		{A3B7280F-0C51-4EA4-ABF5-F2EAC371CE60}.Debug|Any CPU.ActiveCfg = Debug|Any CPU
		{A3B7280F-0C51-4EA4-ABF5-F2EAC371CE60}.Debug|Any CPU.Build.0 = Debug|Any CPU
		{A3B7280F-0C51-4EA4-ABF5-F2EAC371CE60}.Release|Any CPU.ActiveCfg = Release|Any CPU
		{A3B7280F-0C51-4EA4-ABF5-F2EAC371CE60}.Release|Any CPU.Build.0 = Release|Any CPU
	EndGlobalSection
	GlobalSection(SolutionProperties) = preSolution
		HideSolutionNode = FALSE
	EndGlobalSection
	GlobalSection(ExtensibilityGlobals) = postSolution
		SolutionGuid = {886A0B10-81EB-4831-A5FD-98243D878436}
	EndGlobalSection
EndGlobal
